
Microsoft Visual Studio Solution File, Format Version 12.00
# Visual Studio Version 16
VisualStudioVersion = 16.0.30114.105
MinimumVisualStudioVersion = 10.0.40219.1
Project("{2150E333-8FDC-42A3-9474-1A3956D46DE8}") = "src", "src", "{09F66AFD-353F-4109-839A-B309E5F0F927}"
EndProject
Project("{9A19103F-16F7-4668-BE54-9A1E7A4F7556}") = "OneResult", "src\OneResult\OneResult.csproj", "{6AA1731E-6FCB-4C46-8202-837D9788DA92}"
EndProject
Global
	GlobalSection(SolutionConfigurationPlatforms) = preSolution
		Debug|Any CPU = Debug|Any CPU
		Debug|x64 = Debug|x64
		Debug|x86 = Debug|x86
		Release|Any CPU = Release|Any CPU
		Release|x64 = Release|x64
		Release|x86 = Release|x86
	EndGlobalSection
	GlobalSection(ProjectConfigurationPlatforms) = postSolution
		{6AA1731E-6FCB-4C46-8202-837D9788DA92}.Debug|Any CPU.ActiveCfg = Debug|Any CPU
		{6AA1731E-6FCB-4C46-8202-837D9788DA92}.Debug|Any CPU.Build.0 = Debug|Any CPU
		{6AA1731E-6FCB-4C46-8202-837D9788DA92}.Debug|x64.ActiveCfg = Debug|Any CPU
		{6AA1731E-6FCB-4C46-8202-837D9788DA92}.Debug|x64.Build.0 = Debug|Any CPU
		{6AA1731E-6FCB-4C46-8202-837D9788DA92}.Debug|x86.ActiveCfg = Debug|Any CPU
		{6AA1731E-6FCB-4C46-8202-837D9788DA92}.Debug|x86.Build.0 = Debug|Any CPU
		{6AA1731E-6FCB-4C46-8202-837D9788DA92}.Release|Any CPU.ActiveCfg = Release|Any CPU
		{6AA1731E-6FCB-4C46-8202-837D9788DA92}.Release|Any CPU.Build.0 = Release|Any CPU
		{6AA1731E-6FCB-4C46-8202-837D9788DA92}.Release|x64.ActiveCfg = Release|Any CPU
		{6AA1731E-6FCB-4C46-8202-837D9788DA92}.Release|x64.Build.0 = Release|Any CPU
		{6AA1731E-6FCB-4C46-8202-837D9788DA92}.Release|x86.ActiveCfg = Release|Any CPU
		{6AA1731E-6FCB-4C46-8202-837D9788DA92}.Release|x86.Build.0 = Release|Any CPU
	EndGlobalSection
	GlobalSection(SolutionProperties) = preSolution
		HideSolutionNode = FALSE
	EndGlobalSection
	GlobalSection(NestedProjects) = preSolution
		{6AA1731E-6FCB-4C46-8202-837D9788DA92} = {09F66AFD-353F-4109-839A-B309E5F0F927}
	EndGlobalSection
	GlobalSection(ExtensibilityGlobals) = postSolution
		SolutionGuid = {995454DD-291C-4001-84DA-E200A215D391}
	EndGlobalSection
EndGlobal
